// !$*UTF8*$!
{
	archiveVersion = 1;
	classes = {
	};
	objectVersion = 77;
	objects = {

/* Begin PBXContainerItemProxy section */
		6B46D0BE2E653DE600560904 /* PBXContainerItemProxy */ = {
			isa = PBXContainerItemProxy;
			containerPortal = 6B46D09C2E653DE500560904 /* Project object */;
			proxyType = 1;
			remoteGlobalIDString = 6B46D0A32E653DE500560904;
			remoteInfo = demo_ios_1;
		};
		6B46D0C82E653DE600560904 /* PBXContainerItemProxy */ = {
			isa = PBXContainerItemProxy;
			containerPortal = 6B46D09C2E653DE500560904 /* Project object */;
			proxyType = 1;
			remoteGlobalIDString = 6B46D0A32E653DE500560904;
			remoteInfo = demo_ios_1;
		};
/* End PBXContainerItemProxy section */

/* Begin PBXFileReference section */
		6B46D0A42E653DE500560904 /* demo_ios_1.app */ = {isa = PBXFileReference; explicitFileType = wrapper.application; includeInIndex = 0; path = demo_ios_1.app; sourceTree = BUILT_PRODUCTS_DIR; };
		6B46D0BD2E653DE600560904 /* demo_ios_1Tests.xctest */ = {isa = PBXFileReference; explicitFileType = wrapper.cfbundle; includeInIndex = 0; path = demo_ios_1Tests.xctest; sourceTree = BUILT_PRODUCTS_DIR; };
		6B46D0C72E653DE600560904 /* demo_ios_1UITests.xctest */ = {isa = PBXFileReference; explicitFileType = wrapper.cfbundle; includeInIndex = 0; path = demo_ios_1UITests.xctest; sourceTree = BUILT_PRODUCTS_DIR; };
/* End PBXFileReference section */

/* Begin PBXFileSystemSynchronizedBuildFileExceptionSet section */
		6B46D0CF2E653DE600560904 /* Exceptions for "demo_ios_1" folder in "demo_ios_1" target */ = {
			isa = PBXFileSystemSynchronizedBuildFileExceptionSet;
			membershipExceptions = (
				Info.plist,
			);
			target = 6B46D0A32E653DE500560904 /* demo_ios_1 */;
		};
/* End PBXFileSystemSynchronizedBuildFileExceptionSet section */

/* Begin PBXFileSystemSynchronizedRootGroup section */
		6B46D0A62E653DE500560904 /* demo_ios_1 */ = {
			isa = PBXFileSystemSynchronizedRootGroup;
			exceptions = (
				6B46D0CF2E653DE600560904 /* Exceptions for "demo_ios_1" folder in "demo_ios_1" target */,
			);
			path = demo_ios_1;
			sourceTree = "<group>";
		};
		6B46D0C02E653DE600560904 /* demo_ios_1Tests */ = {
			isa = PBXFileSystemSynchronizedRootGroup;
			path = demo_ios_1Tests;
			sourceTree = "<group>";
		};
		6B46D0CA2E653DE600560904 /* demo_ios_1UITests */ = {
			isa = PBXFileSystemSynchronizedRootGroup;
			path = demo_ios_1UITests;
			sourceTree = "<group>";
		};
/* End PBXFileSystemSynchronizedRootGroup section */

/* Begin PBXFrameworksBuildPhase section */
		6B46D0A12E653DE500560904 /* Frameworks */ = {
			isa = PBXFrameworksBuildPhase;
			buildActionMask = 2147483647;
			files = (
			);
			runOnlyForDeploymentPostprocessing = 0;
		};
		6B46D0BA2E653DE600560904 /* Frameworks */ = {
			isa = PBXFrameworksBuildPhase;
			buildActionMask = 2147483647;
			files = (
			);
			runOnlyForDeploymentPostprocessing = 0;
		};
		6B46D0C42E653DE600560904 /* Frameworks */ = {
			isa = PBXFrameworksBuildPhase;
			buildActionMask = 2147483647;
			files = (
			);
			runOnlyForDeploymentPostprocessing = 0;
		};
/* End PBXFrameworksBuildPhase section */

/* Begin PBXGroup section */
		6B46D09B2E653DE500560904 = {
			isa = PBXGroup;
			children = (
				6B46D0A62E653DE500560904 /* demo_ios_1 */,
				6B46D0C02E653DE600560904 /* demo_ios_1Tests */,
				6B46D0CA2E653DE600560904 /* demo_ios_1UITests */,
				6B46D0A52E653DE500560904 /* Products */,
			);
			sourceTree = "<group>";
		};
		6B46D0A52E653DE500560904 /* Products */ = {
			isa = PBXGroup;
			children = (
				6B46D0A42E653DE500560904 /* demo_ios_1.app */,
				6B46D0BD2E653DE600560904 /* demo_ios_1Tests.xctest */,
				6B46D0C72E653DE600560904 /* demo_ios_1UITests.xctest */,
			);
			name = Products;
			sourceTree = "<group>";
		};
/* End PBXGroup section */

/* Begin PBXNativeTarget section */
		6B46D0A32E653DE500560904 /* demo_ios_1 */ = {
			isa = PBXNativeTarget;
			buildConfigurationList = 6B46D0D02E653DE600560904 /* Build configuration list for PBXNativeTarget "demo_ios_1" */;
			buildPhases = (
				6B46D0A02E653DE500560904 /* Sources */,
				6B46D0A12E653DE500560904 /* Frameworks */,
				6B46D0A22E653DE500560904 /* Resources */,
			);
			buildRules = (
			);
			dependencies = (
			);
			fileSystemSynchronizedGroups = (
				6B46D0A62E653DE500560904 /* demo_ios_1 */,
			);
			name = demo_ios_1;
			packageProductDependencies = (
			);
			productName = demo_ios_1;
			productReference = 6B46D0A42E653DE500560904 /* demo_ios_1.app */;
			productType = "com.apple.product-type.application";
		};
		6B46D0BC2E653DE600560904 /* demo_ios_1Tests */ = {
			isa = PBXNativeTarget;
			buildConfigurationList = 6B46D0D52E653DE600560904 /* Build configuration list for PBXNativeTarget "demo_ios_1Tests" */;
			buildPhases = (
				6B46D0B92E653DE600560904 /* Sources */,
				6B46D0BA2E653DE600560904 /* Frameworks */,
				6B46D0BB2E653DE600560904 /* Resources */,
			);
			buildRules = (
			);
			dependencies = (
				6B46D0BF2E653DE600560904 /* PBXTargetDependency */,
			);
			fileSystemSynchronizedGroups = (
				6B46D0C02E653DE600560904 /* demo_ios_1Tests */,
			);
			name = demo_ios_1Tests;
			packageProductDependencies = (
			);
			productName = demo_ios_1Tests;
			productReference = 6B46D0BD2E653DE600560904 /* demo_ios_1Tests.xctest */;
			productType = "com.apple.product-type.bundle.unit-test";
		};
		6B46D0C62E653DE600560904 /* demo_ios_1UITests */ = {
			isa = PBXNativeTarget;
			buildConfigurationList = 6B46D0D82E653DE600560904 /* Build configuration list for PBXNativeTarget "demo_ios_1UITests" */;
			buildPhases = (
				6B46D0C32E653DE600560904 /* Sources */,
				6B46D0C42E653DE600560904 /* Frameworks */,
				6B46D0C52E653DE600560904 /* Resources */,
			);
			buildRules = (
			);
			dependencies = (
				6B46D0C92E653DE600560904 /* PBXTargetDependency */,
			);
			fileSystemSynchronizedGroups = (
				6B46D0CA2E653DE600560904 /* demo_ios_1UITests */,
			);
			name = demo_ios_1UITests;
			packageProductDependencies = (
			);
			productName = demo_ios_1UITests;
			productReference = 6B46D0C72E653DE600560904 /* demo_ios_1UITests.xctest */;
			productType = "com.apple.product-type.bundle.ui-testing";
		};
/* End PBXNativeTarget section */

/* Begin PBXProject section */
		6B46D09C2E653DE500560904 /* Project object */ = {
			isa = PBXProject;
			attributes = {
				BuildIndependentTargetsInParallel = 1;
				LastSwiftUpdateCheck = 1640;
				LastUpgradeCheck = 1640;
				TargetAttributes = {
					6B46D0A32E653DE500560904 = {
						CreatedOnToolsVersion = 16.4;
					};
					6B46D0BC2E653DE600560904 = {
						CreatedOnToolsVersion = 16.4;
						TestTargetID = 6B46D0A32E653DE500560904;
					};
					6B46D0C62E653DE600560904 = {
						CreatedOnToolsVersion = 16.4;
						TestTargetID = 6B46D0A32E653DE500560904;
					};
				};
			};
			buildConfigurationList = 6B46D09F2E653DE500560904 /* Build configuration list for PBXProject "demo_ios_1" */;
			developmentRegion = en;
			hasScannedForEncodings = 0;
			knownRegions = (
				en,
				Base,
			);
			mainGroup = 6B46D09B2E653DE500560904;
			minimizedProjectReferenceProxies = 1;
			preferredProjectObjectVersion = 77;
			productRefGroup = 6B46D0A52E653DE500560904 /* Products */;
			projectDirPath = "";
			projectRoot = "";
			targets = (
				6B46D0A32E653DE500560904 /* demo_ios_1 */,
				6B46D0BC2E653DE600560904 /* demo_ios_1Tests */,
				6B46D0C62E653DE600560904 /* demo_ios_1UITests */,
			);
		};
/* End PBXProject section */

/* Begin PBXResourcesBuildPhase section */
		6B46D0A22E653DE500560904 /* Resources */ = {
			isa = PBXResourcesBuildPhase;
			buildActionMask = 2147483647;
			files = (
			);
			runOnlyForDeploymentPostprocessing = 0;
		};
		6B46D0BB2E653DE600560904 /* Resources */ = {
			isa = PBXResourcesBuildPhase;
			buildActionMask = 2147483647;
			files = (
			);
			runOnlyForDeploymentPostprocessing = 0;
		};
		6B46D0C52E653DE600560904 /* Resources */ = {
			isa = PBXResourcesBuildPhase;
			buildActionMask = 2147483647;
			files = (
			);
			runOnlyForDeploymentPostprocessing = 0;
		};
/* End PBXResourcesBuildPhase section */

/* Begin PBXSourcesBuildPhase section */
		6B46D0A02E653DE500560904 /* Sources */ = {
			isa = PBXSourcesBuildPhase;
			buildActionMask = 2147483647;
			files = (
			);
			runOnlyForDeploymentPostprocessing = 0;
		};
		6B46D0B92E653DE600560904 /* Sources */ = {
			isa = PBXSourcesBuildPhase;
			buildActionMask = 2147483647;
			files = (
			);
			runOnlyForDeploymentPostprocessing = 0;
		};
		6B46D0C32E653DE600560904 /* Sources */ = {
			isa = PBXSourcesBuildPhase;
			buildActionMask = 2147483647;
			files = (
			);
			runOnlyForDeploymentPostprocessing = 0;
		};
/* End PBXSourcesBuildPhase section */

/* Begin PBXTargetDependency section */
		6B46D0BF2E653DE600560904 /* PBXTargetDependency */ = {
			isa = PBXTargetDependency;
			target = 6B46D0A32E653DE500560904 /* demo_ios_1 */;
			targetProxy = 6B46D0BE2E653DE600560904 /* PBXContainerItemProxy */;
		};
		6B46D0C92E653DE600560904 /* PBXTargetDependency */ = {
			isa = PBXTargetDependency;
			target = 6B46D0A32E653DE500560904 /* demo_ios_1 */;
			targetProxy = 6B46D0C82E653DE600560904 /* PBXContainerItemProxy */;
		};
/* End PBXTargetDependency section */

/* Begin XCBuildConfiguration section */
		6B46D0D12E653DE600560904 /* Debug */ = {
			isa = XCBuildConfiguration;
			buildSettings = {
				ASSETCATALOG_COMPILER_APPICON_NAME = AppIcon;
				ASSETCATALOG_COMPILER_GLOBAL_ACCENT_COLOR_NAME = AccentColor;
				CODE_SIGN_STYLE = Automatic;
				CURRENT_PROJECT_VERSION = 1;
				GENERATE_INFOPLIST_FILE = YES;
				INFOPLIST_FILE = demo_ios_1/Info.plist;
				INFOPLIST_KEY_UIApplicationSupportsIndirectInputEvents = YES;
				INFOPLIST_KEY_UILaunchStoryboardName = LaunchScreen;
				INFOPLIST_KEY_UIMainStoryboardFile = Main;
				INFOPLIST_KEY_UISupportedInterfaceOrientations_iPad = "UIInterfaceOrientationPortrait UIInterfaceOrientationPortraitUpsideDown UIInterfaceOrientationLandscapeLeft UIInterfaceOrientationLandscapeRight";
				INFOPLIST_KEY_UISupportedInterfaceOrientations_iPhone = "UIInterfaceOrientationPortrait UIInterfaceOrientationLandscapeLeft UIInterfaceOrientationLandscapeRight";
				LD_RUNPATH_SEARCH_PATHS = (
					"$(inherited)",
					"@executable_path/Frameworks",
				);
				MARKETING_VERSION = 1.0;
				PRODUCT_BUNDLE_IDENTIFIER = "tonphai.demo-ios-1";
				PRODUCT_NAME = "$(TARGET_NAME)";
				SWIFT_EMIT_LOC_STRINGS = YES;
				SWIFT_VERSION = 5.0;
				TARGETED_DEVICE_FAMILY = "1,2";
			};
			name = Debug;
		};
		6B46D0D22E653DE600560904 /* Release */ = {
			isa = XCBuildConfiguration;
			buildSettings = {
				ASSETCATALOG_COMPILER_APPICON_NAME = AppIcon;
				ASSETCATALOG_COMPILER_GLOBAL_ACCENT_COLOR_NAME = AccentColor;
				CODE_SIGN_STYLE = Automatic;
				CURRENT_PROJECT_VERSION = 1;
				GENERATE_INFOPLIST_FILE = YES;
				INFOPLIST_FILE = demo_ios_1/Info.plist;
				INFOPLIST_KEY_UIApplicationSupportsIndirectInputEvents = YES;
				INFOPLIST_KEY_UILaunchStoryboardName = LaunchScreen;
				INFOPLIST_KEY_UIMainStoryboardFile = Main;
				INFOPLIST_KEY_UISupportedInterfaceOrientations_iPad = "UIInterfaceOrientationPortrait UIInterfaceOrientationPortraitUpsideDown UIInterfaceOrientationLandscapeLeft UIInterfaceOrientationLandscapeRight";
				INFOPLIST_KEY_UISupportedInterfaceOrientations_iPhone = "UIInterfaceOrientationPortrait UIInterfaceOrientationLandscapeLeft UIInterfaceOrientationLandscapeRight";
				LD_RUNPATH_SEARCH_PATHS = (
					"$(inherited)",
					"@executable_path/Frameworks",
				);
				MARKETING_VERSION = 1.0;
				PRODUCT_BUNDLE_IDENTIFIER = "tonphai.demo-ios-1";
				PRODUCT_NAME = "$(TARGET_NAME)";
				SWIFT_EMIT_LOC_STRINGS = YES;
				SWIFT_VERSION = 5.0;
				TARGETED_DEVICE_FAMILY = "1,2";
			};
			name = Release;
		};
		6B46D0D32E653DE600560904 /* Debug */ = {
			isa = XCBuildConfiguration;
			buildSettings = {
				ALWAYS_SEARCH_USER_PATHS = NO;
				ASSETCATALOG_COMPILER_GENERATE_SWIFT_ASSET_SYMBOL_EXTENSIONS = YES;
				CLANG_ANALYZER_NONNULL = YES;
				CLANG_ANALYZER_NUMBER_OBJECT_CONVERSION = YES_AGGRESSIVE;
				CLANG_CXX_LANGUAGE_STANDARD = "gnu++20";
				CLANG_ENABLE_MODULES = YES;
				CLANG_ENABLE_OBJC_ARC = YES;
				CLANG_ENABLE_OBJC_WEAK = YES;
				CLANG_WARN_BLOCK_CAPTURE_AUTORELEASING = YES;
				CLANG_WARN_BOOL_CONVERSION = YES;
				CLANG_WARN_COMMA = YES;
				CLANG_WARN_CONSTANT_CONVERSION = YES;
				CLANG_WARN_DEPRECATED_OBJC_IMPLEMENTATIONS = YES;
				CLANG_WARN_DIRECT_OBJC_ISA_USAGE = YES_ERROR;
				CLANG_WARN_DOCUMENTATION_COMMENTS = YES;
				CLANG_WARN_EMPTY_BODY = YES;
				CLANG_WARN_ENUM_CONVERSION = YES;
				CLANG_WARN_INFINITE_RECURSION = YES;
				CLANG_WARN_INT_CONVERSION = YES;
				CLANG_WARN_NON_LITERAL_NULL_CONVERSION = YES;
				CLANG_WARN_OBJC_IMPLICIT_RETAIN_SELF = YES;
				CLANG_WARN_OBJC_LITERAL_CONVERSION = YES;
				CLANG_WARN_OBJC_ROOT_CLASS = YES_ERROR;
				CLANG_WARN_QUOTED_INCLUDE_IN_FRAMEWORK_HEADER = YES;
				CLANG_WARN_RANGE_LOOP_ANALYSIS = YES;
				CLANG_WARN_STRICT_PROTOTYPES = YES;
				CLANG_WARN_SUSPICIOUS_MOVE = YES;
				CLANG_WARN_UNGUARDED_AVAILABILITY = YES_AGGRESSIVE;
				CLANG_WARN_UNREACHABLE_CODE = YES;
				CLANG_WARN__DUPLICATE_METHOD_MATCH = YES;
				COPY_PHASE_STRIP = NO;
				DEBUG_INFORMATION_FORMAT = dwarf;
				ENABLE_STRICT_OBJC_MSGSEND = YES;
				ENABLE_TESTABILITY = YES;
				ENABLE_USER_SCRIPT_SANDBOXING = YES;
				GCC_C_LANGUAGE_STANDARD = gnu17;
				GCC_DYNAMIC_NO_PIC = NO;
				GCC_NO_COMMON_BLOCKS = YES;
				GCC_OPTIMIZATION_LEVEL = 0;
				GCC_PREPROCESSOR_DEFINITIONS = (
					"DEBUG=1",
					"$(inherited)",
				);
				GCC_WARN_64_TO_32_BIT_CONVERSION = YES;
				GCC_WARN_ABOUT_RETURN_TYPE = YES_ERROR;
				GCC_WARN_UNDECLARED_SELECTOR = YES;
				GCC_WARN_UNINITIALIZED_AUTOS = YES_AGGRESSIVE;
				GCC_WARN_UNUSED_FUNCTION = YES;
				GCC_WARN_UNUSED_VARIABLE = YES;
				IPHONEOS_DEPLOYMENT_TARGET = 18.5;
				LOCALIZATION_PREFERS_STRING_CATALOGS = YES;
				MTL_ENABLE_DEBUG_INFO = INCLUDE_SOURCE;
				MTL_FAST_MATH = YES;
				ONLY_ACTIVE_ARCH = YES;
				SDKROOT = iphoneos;
				SWIFT_ACTIVE_COMPILATION_CONDITIONS = "DEBUG $(inherited)";
				SWIFT_OPTIMIZATION_LEVEL = "-Onone";
			};
			name = Debug;
		};
		6B46D0D42E653DE600560904 /* Release */ = {
			isa = XCBuildConfiguration;
			buildSettings = {
				ALWAYS_SEARCH_USER_PATHS = NO;
				ASSETCATALOG_COMPILER_GENERATE_SWIFT_ASSET_SYMBOL_EXTENSIONS = YES;
				CLANG_ANALYZER_NONNULL = YES;
				CLANG_ANALYZER_NUMBER_OBJECT_CONVERSION = YES_AGGRESSIVE;
				CLANG_CXX_LANGUAGE_STANDARD = "gnu++20";
				CLANG_ENABLE_MODULES = YES;
				CLANG_ENABLE_OBJC_ARC = YES;
				CLANG_ENABLE_OBJC_WEAK = YES;
				CLANG_WARN_BLOCK_CAPTURE_AUTORELEASING = YES;
				CLANG_WARN_BOOL_CONVERSION = YES;
				CLANG_WARN_COMMA = YES;
				CLANG_WARN_CONSTANT_CONVERSION = YES;
				CLANG_WARN_DEPRECATED_OBJC_IMPLEMENTATIONS = YES;
				CLANG_WARN_DIRECT_OBJC_ISA_USAGE = YES_ERROR;
				CLANG_WARN_DOCUMENTATION_COMMENTS = YES;
				CLANG_WARN_EMPTY_BODY = YES;
				CLANG_WARN_ENUM_CONVERSION = YES;
				CLANG_WARN_INFINITE_RECURSION = YES;
				CLANG_WARN_INT_CONVERSION = YES;
				CLANG_WARN_NON_LITERAL_NULL_CONVERSION = YES;
				CLANG_WARN_OBJC_IMPLICIT_RETAIN_SELF = YES;
				CLANG_WARN_OBJC_LITERAL_CONVERSION = YES;
				CLANG_WARN_OBJC_ROOT_CLASS = YES_ERROR;
				CLANG_WARN_QUOTED_INCLUDE_IN_FRAMEWORK_HEADER = YES;
				CLANG_WARN_RANGE_LOOP_ANALYSIS = YES;
				CLANG_WARN_STRICT_PROTOTYPES = YES;
				CLANG_WARN_SUSPICIOUS_MOVE = YES;
				CLANG_WARN_UNGUARDED_AVAILABILITY = YES_AGGRESSIVE;
				CLANG_WARN_UNREACHABLE_CODE = YES;
				CLANG_WARN__DUPLICATE_METHOD_MATCH = YES;
				COPY_PHASE_STRIP = NO;
				DEBUG_INFORMATION_FORMAT = "dwarf-with-dsym";
				ENABLE_NS_ASSERTIONS = NO;
				ENABLE_STRICT_OBJC_MSGSEND = YES;
				ENABLE_USER_SCRIPT_SANDBOXING = YES;
				GCC_C_LANGUAGE_STANDARD = gnu17;
				GCC_NO_COMMON_BLOCKS = YES;
				GCC_WARN_64_TO_32_BIT_CONVERSION = YES;
				GCC_WARN_ABOUT_RETURN_TYPE = YES_ERROR;
				GCC_WARN_UNDECLARED_SELECTOR = YES;
				GCC_WARN_UNINITIALIZED_AUTOS = YES_AGGRESSIVE;
				GCC_WARN_UNUSED_FUNCTION = YES;
				GCC_WARN_UNUSED_VARIABLE = YES;
				IPHONEOS_DEPLOYMENT_TARGET = 18.5;
				LOCALIZATION_PREFERS_STRING_CATALOGS = YES;
				MTL_ENABLE_DEBUG_INFO = NO;
				MTL_FAST_MATH = YES;
				SDKROOT = iphoneos;
				SWIFT_COMPILATION_MODE = wholemodule;
				VALIDATE_PRODUCT = YES;
			};
			name = Release;
		};
		6B46D0D62E653DE600560904 /* Debug */ = {
			isa = XCBuildConfiguration;
			buildSettings = {
				BUNDLE_LOADER = "$(TEST_HOST)";
				CODE_SIGN_STYLE = Automatic;
				CURRENT_PROJECT_VERSION = 1;
				GENERATE_INFOPLIST_FILE = YES;
				IPHONEOS_DEPLOYMENT_TARGET = 18.5;
				MARKETING_VERSION = 1.0;
				PRODUCT_BUNDLE_IDENTIFIER = "tonphai.demo-ios-1Tests";
				PRODUCT_NAME = "$(TARGET_NAME)";
				SWIFT_EMIT_LOC_STRINGS = NO;
				SWIFT_VERSION = 5.0;
				TARGETED_DEVICE_FAMILY = "1,2";
				TEST_HOST = "$(BUILT_PRODUCTS_DIR)/demo_ios_1.app/$(BUNDLE_EXECUTABLE_FOLDER_PATH)/demo_ios_1";
			};
			name = Debug;
		};
		6B46D0D72E653DE600560904 /* Release */ = {
			isa = XCBuildConfiguration;
			buildSettings = {
				BUNDLE_LOADER = "$(TEST_HOST)";
				CODE_SIGN_STYLE = Automatic;
				CURRENT_PROJECT_VERSION = 1;
				GENERATE_INFOPLIST_FILE = YES;
				IPHONEOS_DEPLOYMENT_TARGET = 18.5;
				MARKETING_VERSION = 1.0;
				PRODUCT_BUNDLE_IDENTIFIER = "tonphai.demo-ios-1Tests";
				PRODUCT_NAME = "$(TARGET_NAME)";
				SWIFT_EMIT_LOC_STRINGS = NO;
				SWIFT_VERSION = 5.0;
				TARGETED_DEVICE_FAMILY = "1,2";
				TEST_HOST = "$(BUILT_PRODUCTS_DIR)/demo_ios_1.app/$(BUNDLE_EXECUTABLE_FOLDER_PATH)/demo_ios_1";
			};
			name = Release;
		};
		6B46D0D92E653DE600560904 /* Debug */ = {
			isa = XCBuildConfiguration;
			buildSettings = {
				CODE_SIGN_STYLE = Automatic;
				CURRENT_PROJECT_VERSION = 1;
				GENERATE_INFOPLIST_FILE = YES;
				MARKETING_VERSION = 1.0;
				PRODUCT_BUNDLE_IDENTIFIER = "tonphai.demo-ios-1UITests";
				PRODUCT_NAME = "$(TARGET_NAME)";
				SWIFT_EMIT_LOC_STRINGS = NO;
				SWIFT_VERSION = 5.0;
				TARGETED_DEVICE_FAMILY = "1,2";
				TEST_TARGET_NAME = demo_ios_1;
			};
			name = Debug;
		};
		6B46D0DA2E653DE600560904 /* Release */ = {
			isa = XCBuildConfiguration;
			buildSettings = {
				CODE_SIGN_STYLE = Automatic;
				CURRENT_PROJECT_VERSION = 1;
				GENERATE_INFOPLIST_FILE = YES;
				MARKETING_VERSION = 1.0;
				PRODUCT_BUNDLE_IDENTIFIER = "tonphai.demo-ios-1UITests";
				PRODUCT_NAME = "$(TARGET_NAME)";
				SWIFT_EMIT_LOC_STRINGS = NO;
				SWIFT_VERSION = 5.0;
				TARGETED_DEVICE_FAMILY = "1,2";
				TEST_TARGET_NAME = demo_ios_1;
			};
			name = Release;
		};
/* End XCBuildConfiguration section */

/* Begin XCConfigurationList section */
		6B46D09F2E653DE500560904 /* Build configuration list for PBXProject "demo_ios_1" */ = {
			isa = XCConfigurationList;
			buildConfigurations = (
				6B46D0D32E653DE600560904 /* Debug */,
				6B46D0D42E653DE600560904 /* Release */,
			);
			defaultConfigurationIsVisible = 0;
			defaultConfigurationName = Release;
		};
		6B46D0D02E653DE600560904 /* Build configuration list for PBXNativeTarget "demo_ios_1" */ = {
			isa = XCConfigurationList;
			buildConfigurations = (
				6B46D0D12E653DE600560904 /* Debug */,
				6B46D0D22E653DE600560904 /* Release */,
			);
			defaultConfigurationIsVisible = 0;
			defaultConfigurationName = Release;
		};
		6B46D0D52E653DE600560904 /* Build configuration list for PBXNativeTarget "demo_ios_1Tests" */ = {
			isa = XCConfigurationList;
			buildConfigurations = (
				6B46D0D62E653DE600560904 /* Debug */,
				6B46D0D72E653DE600560904 /* Release */,
			);
			defaultConfigurationIsVisible = 0;
			defaultConfigurationName = Release;
		};
		6B46D0D82E653DE600560904 /* Build configuration list for PBXNativeTarget "demo_ios_1UITests" */ = {
			isa = XCConfigurationList;
			buildConfigurations = (
				6B46D0D92E653DE600560904 /* Debug */,
				6B46D0DA2E653DE600560904 /* Release */,
			);
			defaultConfigurationIsVisible = 0;
			defaultConfigurationName = Release;
		};
/* End XCConfigurationList section */
	};
	rootObject = 6B46D09C2E653DE500560904 /* Project object */;
}
