// !$*UTF8*$!
{
	archiveVersion = 1;
	classes = {
	};
	objectVersion = 77;
	objects = {

/* Begin PBXContainerItemProxy section */
		6B46D13E2E6E905B00560904 /* PBXContainerItemProxy */ = {
			isa = PBXContainerItemProxy;
			containerPortal = 6B46D11C2E6E905900560904 /* Project object */;
			proxyType = 1;
			remoteGlobalIDString = 6B46D1232E6E905900560904;
			remoteInfo = demo_MixedColor;
		};
		6B46D1482E6E905B00560904 /* PBXContainerItemProxy */ = {
			isa = PBXContainerItemProxy;
			containerPortal = 6B46D11C2E6E905900560904 /* Project object */;
			proxyType = 1;
			remoteGlobalIDString = 6B46D1232E6E905900560904;
			remoteInfo = demo_MixedColor;
		};
/* End PBXContainerItemProxy section */

/* Begin PBXFileReference section */
		6B46D1242E6E905900560904 /* demo_MixedColor.app */ = {isa = PBXFileReference; explicitFileType = wrapper.application; includeInIndex = 0; path = demo_MixedColor.app; sourceTree = BUILT_PRODUCTS_DIR; };
		6B46D13D2E6E905B00560904 /* demo_MixedColorTests.xctest */ = {isa = PBXFileReference; explicitFileType = wrapper.cfbundle; includeInIndex = 0; path = demo_MixedColorTests.xctest; sourceTree = BUILT_PRODUCTS_DIR; };
		6B46D1472E6E905B00560904 /* demo_MixedColorUITests.xctest */ = {isa = PBXFileReference; explicitFileType = wrapper.cfbundle; includeInIndex = 0; path = demo_MixedColorUITests.xctest; sourceTree = BUILT_PRODUCTS_DIR; };
/* End PBXFileReference section */

/* Begin PBXFileSystemSynchronizedBuildFileExceptionSet section */
		6B46D14F2E6E905B00560904 /* Exceptions for "demo_MixedColor" folder in "demo_MixedColor" target */ = {
			isa = PBXFileSystemSynchronizedBuildFileExceptionSet;
			membershipExceptions = (
				Info.plist,
			);
			target = 6B46D1232E6E905900560904 /* demo_MixedColor */;
		};
/* End PBXFileSystemSynchronizedBuildFileExceptionSet section */

/* Begin PBXFileSystemSynchronizedRootGroup section */
		6B46D1262E6E905900560904 /* demo_MixedColor */ = {
			isa = PBXFileSystemSynchronizedRootGroup;
			exceptions = (
				6B46D14F2E6E905B00560904 /* Exceptions for "demo_MixedColor" folder in "demo_MixedColor" target */,
			);
			path = demo_MixedColor;
			sourceTree = "<group>";
		};
		6B46D1402E6E905B00560904 /* demo_MixedColorTests */ = {
			isa = PBXFileSystemSynchronizedRootGroup;
			path = demo_MixedColorTests;
			sourceTree = "<group>";
		};
		6B46D14A2E6E905B00560904 /* demo_MixedColorUITests */ = {
			isa = PBXFileSystemSynchronizedRootGroup;
			path = demo_MixedColorUITests;
			sourceTree = "<group>";
		};
/* End PBXFileSystemSynchronizedRootGroup section */

/* Begin PBXFrameworksBuildPhase section */
		6B46D1212E6E905900560904 /* Frameworks */ = {
			isa = PBXFrameworksBuildPhase;
			buildActionMask = 2147483647;
			files = (
			);
			runOnlyForDeploymentPostprocessing = 0;
		};
		6B46D13A2E6E905B00560904 /* Frameworks */ = {
			isa = PBXFrameworksBuildPhase;
			buildActionMask = 2147483647;
			files = (
			);
			runOnlyForDeploymentPostprocessing = 0;
		};
		6B46D1442E6E905B00560904 /* Frameworks */ = {
			isa = PBXFrameworksBuildPhase;
			buildActionMask = 2147483647;
			files = (
			);
			runOnlyForDeploymentPostprocessing = 0;
		};
/* End PBXFrameworksBuildPhase section */

/* Begin PBXGroup section */
		6B46D11B2E6E905900560904 = {
			isa = PBXGroup;
			children = (
				6B46D1262E6E905900560904 /* demo_MixedColor */,
				6B46D1402E6E905B00560904 /* demo_MixedColorTests */,
				6B46D14A2E6E905B00560904 /* demo_MixedColorUITests */,
				6B46D1252E6E905900560904 /* Products */,
			);
			sourceTree = "<group>";
		};
		6B46D1252E6E905900560904 /* Products */ = {
			isa = PBXGroup;
			children = (
				6B46D1242E6E905900560904 /* demo_MixedColor.app */,
				6B46D13D2E6E905B00560904 /* demo_MixedColorTests.xctest */,
				6B46D1472E6E905B00560904 /* demo_MixedColorUITests.xctest */,
			);
			name = Products;
			sourceTree = "<group>";
		};
/* End PBXGroup section */

/* Begin PBXNativeTarget section */
		6B46D1232E6E905900560904 /* demo_MixedColor */ = {
			isa = PBXNativeTarget;
			buildConfigurationList = 6B46D1502E6E905B00560904 /* Build configuration list for PBXNativeTarget "demo_MixedColor" */;
			buildPhases = (
				6B46D1202E6E905900560904 /* Sources */,
				6B46D1212E6E905900560904 /* Frameworks */,
				6B46D1222E6E905900560904 /* Resources */,
			);
			buildRules = (
			);
			dependencies = (
			);
			fileSystemSynchronizedGroups = (
				6B46D1262E6E905900560904 /* demo_MixedColor */,
			);
			name = demo_MixedColor;
			packageProductDependencies = (
			);
			productName = demo_MixedColor;
			productReference = 6B46D1242E6E905900560904 /* demo_MixedColor.app */;
			productType = "com.apple.product-type.application";
		};
		6B46D13C2E6E905B00560904 /* demo_MixedColorTests */ = {
			isa = PBXNativeTarget;
			buildConfigurationList = 6B46D1552E6E905B00560904 /* Build configuration list for PBXNativeTarget "demo_MixedColorTests" */;
			buildPhases = (
				6B46D1392E6E905B00560904 /* Sources */,
				6B46D13A2E6E905B00560904 /* Frameworks */,
				6B46D13B2E6E905B00560904 /* Resources */,
			);
			buildRules = (
			);
			dependencies = (
				6B46D13F2E6E905B00560904 /* PBXTargetDependency */,
			);
			fileSystemSynchronizedGroups = (
				6B46D1402E6E905B00560904 /* demo_MixedColorTests */,
			);
			name = demo_MixedColorTests;
			packageProductDependencies = (
			);
			productName = demo_MixedColorTests;
			productReference = 6B46D13D2E6E905B00560904 /* demo_MixedColorTests.xctest */;
			productType = "com.apple.product-type.bundle.unit-test";
		};
		6B46D1462E6E905B00560904 /* demo_MixedColorUITests */ = {
			isa = PBXNativeTarget;
			buildConfigurationList = 6B46D1582E6E905B00560904 /* Build configuration list for PBXNativeTarget "demo_MixedColorUITests" */;
			buildPhases = (
				6B46D1432E6E905B00560904 /* Sources */,
				6B46D1442E6E905B00560904 /* Frameworks */,
				6B46D1452E6E905B00560904 /* Resources */,
			);
			buildRules = (
			);
			dependencies = (
				6B46D1492E6E905B00560904 /* PBXTargetDependency */,
			);
			fileSystemSynchronizedGroups = (
				6B46D14A2E6E905B00560904 /* demo_MixedColorUITests */,
			);
			name = demo_MixedColorUITests;
			packageProductDependencies = (
			);
			productName = demo_MixedColorUITests;
			productReference = 6B46D1472E6E905B00560904 /* demo_MixedColorUITests.xctest */;
			productType = "com.apple.product-type.bundle.ui-testing";
		};
/* End PBXNativeTarget section */

/* Begin PBXProject section */
		6B46D11C2E6E905900560904 /* Project object */ = {
			isa = PBXProject;
			attributes = {
				BuildIndependentTargetsInParallel = 1;
				LastSwiftUpdateCheck = 1640;
				LastUpgradeCheck = 1640;
				TargetAttributes = {
					6B46D1232E6E905900560904 = {
						CreatedOnToolsVersion = 16.4;
					};
					6B46D13C2E6E905B00560904 = {
						CreatedOnToolsVersion = 16.4;
						TestTargetID = 6B46D1232E6E905900560904;
					};
					6B46D1462E6E905B00560904 = {
						CreatedOnToolsVersion = 16.4;
						TestTargetID = 6B46D1232E6E905900560904;
					};
				};
			};
			buildConfigurationList = 6B46D11F2E6E905900560904 /* Build configuration list for PBXProject "demo_MixedColor" */;
			developmentRegion = en;
			hasScannedForEncodings = 0;
			knownRegions = (
				en,
				Base,
			);
			mainGroup = 6B46D11B2E6E905900560904;
			minimizedProjectReferenceProxies = 1;
			preferredProjectObjectVersion = 77;
			productRefGroup = 6B46D1252E6E905900560904 /* Products */;
			projectDirPath = "";
			projectRoot = "";
			targets = (
				6B46D1232E6E905900560904 /* demo_MixedColor */,
				6B46D13C2E6E905B00560904 /* demo_MixedColorTests */,
				6B46D1462E6E905B00560904 /* demo_MixedColorUITests */,
			);
		};
/* End PBXProject section */

/* Begin PBXResourcesBuildPhase section */
		6B46D1222E6E905900560904 /* Resources */ = {
			isa = PBXResourcesBuildPhase;
			buildActionMask = 2147483647;
			files = (
			);
			runOnlyForDeploymentPostprocessing = 0;
		};
		6B46D13B2E6E905B00560904 /* Resources */ = {
			isa = PBXResourcesBuildPhase;
			buildActionMask = 2147483647;
			files = (
			);
			runOnlyForDeploymentPostprocessing = 0;
		};
		6B46D1452E6E905B00560904 /* Resources */ = {
			isa = PBXResourcesBuildPhase;
			buildActionMask = 2147483647;
			files = (
			);
			runOnlyForDeploymentPostprocessing = 0;
		};
/* End PBXResourcesBuildPhase section */

/* Begin PBXSourcesBuildPhase section */
		6B46D1202E6E905900560904 /* Sources */ = {
			isa = PBXSourcesBuildPhase;
			buildActionMask = 2147483647;
			files = (
			);
			runOnlyForDeploymentPostprocessing = 0;
		};
		6B46D1392E6E905B00560904 /* Sources */ = {
			isa = PBXSourcesBuildPhase;
			buildActionMask = 2147483647;
			files = (
			);
			runOnlyForDeploymentPostprocessing = 0;
		};
		6B46D1432E6E905B00560904 /* Sources */ = {
			isa = PBXSourcesBuildPhase;
			buildActionMask = 2147483647;
			files = (
			);
			runOnlyForDeploymentPostprocessing = 0;
		};
/* End PBXSourcesBuildPhase section */

/* Begin PBXTargetDependency section */
		6B46D13F2E6E905B00560904 /* PBXTargetDependency */ = {
			isa = PBXTargetDependency;
			target = 6B46D1232E6E905900560904 /* demo_MixedColor */;
			targetProxy = 6B46D13E2E6E905B00560904 /* PBXContainerItemProxy */;
		};
		6B46D1492E6E905B00560904 /* PBXTargetDependency */ = {
			isa = PBXTargetDependency;
			target = 6B46D1232E6E905900560904 /* demo_MixedColor */;
			targetProxy = 6B46D1482E6E905B00560904 /* PBXContainerItemProxy */;
		};
/* End PBXTargetDependency section */

/* Begin XCBuildConfiguration section */
		6B46D1512E6E905B00560904 /* Debug */ = {
			isa = XCBuildConfiguration;
			buildSettings = {
				ASSETCATALOG_COMPILER_APPICON_NAME = AppIcon;
				ASSETCATALOG_COMPILER_GLOBAL_ACCENT_COLOR_NAME = AccentColor;
				CODE_SIGN_STYLE = Automatic;
				CURRENT_PROJECT_VERSION = 1;
				GENERATE_INFOPLIST_FILE = YES;
				INFOPLIST_FILE = demo_MixedColor/Info.plist;
				INFOPLIST_KEY_UIApplicationSupportsIndirectInputEvents = YES;
				INFOPLIST_KEY_UILaunchStoryboardName = LaunchScreen;
				INFOPLIST_KEY_UIMainStoryboardFile = Main;
				INFOPLIST_KEY_UISupportedInterfaceOrientations_iPad = "UIInterfaceOrientationPortrait UIInterfaceOrientationPortraitUpsideDown UIInterfaceOrientationLandscapeLeft UIInterfaceOrientationLandscapeRight";
				INFOPLIST_KEY_UISupportedInterfaceOrientations_iPhone = "UIInterfaceOrientationPortrait UIInterfaceOrientationLandscapeLeft UIInterfaceOrientationLandscapeRight";
				LD_RUNPATH_SEARCH_PATHS = (
					"$(inherited)",
					"@executable_path/Frameworks",
				);
				MARKETING_VERSION = 1.0;
				PRODUCT_BUNDLE_IDENTIFIER = "tonphai.demo-MixedColor";
				PRODUCT_NAME = "$(TARGET_NAME)";
				SWIFT_EMIT_LOC_STRINGS = YES;
				SWIFT_VERSION = 5.0;
				TARGETED_DEVICE_FAMILY = "1,2";
			};
			name = Debug;
		};
		6B46D1522E6E905B00560904 /* Release */ = {
			isa = XCBuildConfiguration;
			buildSettings = {
				ASSETCATALOG_COMPILER_APPICON_NAME = AppIcon;
				ASSETCATALOG_COMPILER_GLOBAL_ACCENT_COLOR_NAME = AccentColor;
				CODE_SIGN_STYLE = Automatic;
				CURRENT_PROJECT_VERSION = 1;
				GENERATE_INFOPLIST_FILE = YES;
				INFOPLIST_FILE = demo_MixedColor/Info.plist;
				INFOPLIST_KEY_UIApplicationSupportsIndirectInputEvents = YES;
				INFOPLIST_KEY_UILaunchStoryboardName = LaunchScreen;
				INFOPLIST_KEY_UIMainStoryboardFile = Main;
				INFOPLIST_KEY_UISupportedInterfaceOrientations_iPad = "UIInterfaceOrientationPortrait UIInterfaceOrientationPortraitUpsideDown UIInterfaceOrientationLandscapeLeft UIInterfaceOrientationLandscapeRight";
				INFOPLIST_KEY_UISupportedInterfaceOrientations_iPhone = "UIInterfaceOrientationPortrait UIInterfaceOrientationLandscapeLeft UIInterfaceOrientationLandscapeRight";
				LD_RUNPATH_SEARCH_PATHS = (
					"$(inherited)",
					"@executable_path/Frameworks",
				);
				MARKETING_VERSION = 1.0;
				PRODUCT_BUNDLE_IDENTIFIER = "tonphai.demo-MixedColor";
				PRODUCT_NAME = "$(TARGET_NAME)";
				SWIFT_EMIT_LOC_STRINGS = YES;
				SWIFT_VERSION = 5.0;
				TARGETED_DEVICE_FAMILY = "1,2";
			};
			name = Release;
		};
		6B46D1532E6E905B00560904 /* Debug */ = {
			isa = XCBuildConfiguration;
			buildSettings = {
				ALWAYS_SEARCH_USER_PATHS = NO;
				ASSETCATALOG_COMPILER_GENERATE_SWIFT_ASSET_SYMBOL_EXTENSIONS = YES;
				CLANG_ANALYZER_NONNULL = YES;
				CLANG_ANALYZER_NUMBER_OBJECT_CONVERSION = YES_AGGRESSIVE;
				CLANG_CXX_LANGUAGE_STANDARD = "gnu++20";
				CLANG_ENABLE_MODULES = YES;
				CLANG_ENABLE_OBJC_ARC = YES;
				CLANG_ENABLE_OBJC_WEAK = YES;
				CLANG_WARN_BLOCK_CAPTURE_AUTORELEASING = YES;
				CLANG_WARN_BOOL_CONVERSION = YES;
				CLANG_WARN_COMMA = YES;
				CLANG_WARN_CONSTANT_CONVERSION = YES;
				CLANG_WARN_DEPRECATED_OBJC_IMPLEMENTATIONS = YES;
				CLANG_WARN_DIRECT_OBJC_ISA_USAGE = YES_ERROR;
				CLANG_WARN_DOCUMENTATION_COMMENTS = YES;
				CLANG_WARN_EMPTY_BODY = YES;
				CLANG_WARN_ENUM_CONVERSION = YES;
				CLANG_WARN_INFINITE_RECURSION = YES;
				CLANG_WARN_INT_CONVERSION = YES;
				CLANG_WARN_NON_LITERAL_NULL_CONVERSION = YES;
				CLANG_WARN_OBJC_IMPLICIT_RETAIN_SELF = YES;
				CLANG_WARN_OBJC_LITERAL_CONVERSION = YES;
				CLANG_WARN_OBJC_ROOT_CLASS = YES_ERROR;
				CLANG_WARN_QUOTED_INCLUDE_IN_FRAMEWORK_HEADER = YES;
				CLANG_WARN_RANGE_LOOP_ANALYSIS = YES;
				CLANG_WARN_STRICT_PROTOTYPES = YES;
				CLANG_WARN_SUSPICIOUS_MOVE = YES;
				CLANG_WARN_UNGUARDED_AVAILABILITY = YES_AGGRESSIVE;
				CLANG_WARN_UNREACHABLE_CODE = YES;
				CLANG_WARN__DUPLICATE_METHOD_MATCH = YES;
				COPY_PHASE_STRIP = NO;
				DEBUG_INFORMATION_FORMAT = dwarf;
				ENABLE_STRICT_OBJC_MSGSEND = YES;
				ENABLE_TESTABILITY = YES;
				ENABLE_USER_SCRIPT_SANDBOXING = YES;
				GCC_C_LANGUAGE_STANDARD = gnu17;
				GCC_DYNAMIC_NO_PIC = NO;
				GCC_NO_COMMON_BLOCKS = YES;
				GCC_OPTIMIZATION_LEVEL = 0;
				GCC_PREPROCESSOR_DEFINITIONS = (
					"DEBUG=1",
					"$(inherited)",
				);
				GCC_WARN_64_TO_32_BIT_CONVERSION = YES;
				GCC_WARN_ABOUT_RETURN_TYPE = YES_ERROR;
				GCC_WARN_UNDECLARED_SELECTOR = YES;
				GCC_WARN_UNINITIALIZED_AUTOS = YES_AGGRESSIVE;
				GCC_WARN_UNUSED_FUNCTION = YES;
				GCC_WARN_UNUSED_VARIABLE = YES;
				IPHONEOS_DEPLOYMENT_TARGET = 18.5;
				LOCALIZATION_PREFERS_STRING_CATALOGS = YES;
				MTL_ENABLE_DEBUG_INFO = INCLUDE_SOURCE;
				MTL_FAST_MATH = YES;
				ONLY_ACTIVE_ARCH = YES;
				SDKROOT = iphoneos;
				SWIFT_ACTIVE_COMPILATION_CONDITIONS = "DEBUG $(inherited)";
				SWIFT_OPTIMIZATION_LEVEL = "-Onone";
			};
			name = Debug;
		};
		6B46D1542E6E905B00560904 /* Release */ = {
			isa = XCBuildConfiguration;
			buildSettings = {
				ALWAYS_SEARCH_USER_PATHS = NO;
				ASSETCATALOG_COMPILER_GENERATE_SWIFT_ASSET_SYMBOL_EXTENSIONS = YES;
				CLANG_ANALYZER_NONNULL = YES;
				CLANG_ANALYZER_NUMBER_OBJECT_CONVERSION = YES_AGGRESSIVE;
				CLANG_CXX_LANGUAGE_STANDARD = "gnu++20";
				CLANG_ENABLE_MODULES = YES;
				CLANG_ENABLE_OBJC_ARC = YES;
				CLANG_ENABLE_OBJC_WEAK = YES;
				CLANG_WARN_BLOCK_CAPTURE_AUTORELEASING = YES;
				CLANG_WARN_BOOL_CONVERSION = YES;
				CLANG_WARN_COMMA = YES;
				CLANG_WARN_CONSTANT_CONVERSION = YES;
				CLANG_WARN_DEPRECATED_OBJC_IMPLEMENTATIONS = YES;
				CLANG_WARN_DIRECT_OBJC_ISA_USAGE = YES_ERROR;
				CLANG_WARN_DOCUMENTATION_COMMENTS = YES;
				CLANG_WARN_EMPTY_BODY = YES;
				CLANG_WARN_ENUM_CONVERSION = YES;
				CLANG_WARN_INFINITE_RECURSION = YES;
				CLANG_WARN_INT_CONVERSION = YES;
				CLANG_WARN_NON_LITERAL_NULL_CONVERSION = YES;
				CLANG_WARN_OBJC_IMPLICIT_RETAIN_SELF = YES;
				CLANG_WARN_OBJC_LITERAL_CONVERSION = YES;
				CLANG_WARN_OBJC_ROOT_CLASS = YES_ERROR;
				CLANG_WARN_QUOTED_INCLUDE_IN_FRAMEWORK_HEADER = YES;
				CLANG_WARN_RANGE_LOOP_ANALYSIS = YES;
				CLANG_WARN_STRICT_PROTOTYPES = YES;
				CLANG_WARN_SUSPICIOUS_MOVE = YES;
				CLANG_WARN_UNGUARDED_AVAILABILITY = YES_AGGRESSIVE;
				CLANG_WARN_UNREACHABLE_CODE = YES;
				CLANG_WARN__DUPLICATE_METHOD_MATCH = YES;
				COPY_PHASE_STRIP = NO;
				DEBUG_INFORMATION_FORMAT = "dwarf-with-dsym";
				ENABLE_NS_ASSERTIONS = NO;
				ENABLE_STRICT_OBJC_MSGSEND = YES;
				ENABLE_USER_SCRIPT_SANDBOXING = YES;
				GCC_C_LANGUAGE_STANDARD = gnu17;
				GCC_NO_COMMON_BLOCKS = YES;
				GCC_WARN_64_TO_32_BIT_CONVERSION = YES;
				GCC_WARN_ABOUT_RETURN_TYPE = YES_ERROR;
				GCC_WARN_UNDECLARED_SELECTOR = YES;
				GCC_WARN_UNINITIALIZED_AUTOS = YES_AGGRESSIVE;
				GCC_WARN_UNUSED_FUNCTION = YES;
				GCC_WARN_UNUSED_VARIABLE = YES;
				IPHONEOS_DEPLOYMENT_TARGET = 18.5;
				LOCALIZATION_PREFERS_STRING_CATALOGS = YES;
				MTL_ENABLE_DEBUG_INFO = NO;
				MTL_FAST_MATH = YES;
				SDKROOT = iphoneos;
				SWIFT_COMPILATION_MODE = wholemodule;
				VALIDATE_PRODUCT = YES;
			};
			name = Release;
		};
		6B46D1562E6E905B00560904 /* Debug */ = {
			isa = XCBuildConfiguration;
			buildSettings = {
				BUNDLE_LOADER = "$(TEST_HOST)";
				CODE_SIGN_STYLE = Automatic;
				CURRENT_PROJECT_VERSION = 1;
				GENERATE_INFOPLIST_FILE = YES;
				IPHONEOS_DEPLOYMENT_TARGET = 18.5;
				MARKETING_VERSION = 1.0;
				PRODUCT_BUNDLE_IDENTIFIER = "tonphai.demo-MixedColorTests";
				PRODUCT_NAME = "$(TARGET_NAME)";
				SWIFT_EMIT_LOC_STRINGS = NO;
				SWIFT_VERSION = 5.0;
				TARGETED_DEVICE_FAMILY = "1,2";
				TEST_HOST = "$(BUILT_PRODUCTS_DIR)/demo_MixedColor.app/$(BUNDLE_EXECUTABLE_FOLDER_PATH)/demo_MixedColor";
			};
			name = Debug;
		};
		6B46D1572E6E905B00560904 /* Release */ = {
			isa = XCBuildConfiguration;
			buildSettings = {
				BUNDLE_LOADER = "$(TEST_HOST)";
				CODE_SIGN_STYLE = Automatic;
				CURRENT_PROJECT_VERSION = 1;
				GENERATE_INFOPLIST_FILE = YES;
				IPHONEOS_DEPLOYMENT_TARGET = 18.5;
				MARKETING_VERSION = 1.0;
				PRODUCT_BUNDLE_IDENTIFIER = "tonphai.demo-MixedColorTests";
				PRODUCT_NAME = "$(TARGET_NAME)";
				SWIFT_EMIT_LOC_STRINGS = NO;
				SWIFT_VERSION = 5.0;
				TARGETED_DEVICE_FAMILY = "1,2";
				TEST_HOST = "$(BUILT_PRODUCTS_DIR)/demo_MixedColor.app/$(BUNDLE_EXECUTABLE_FOLDER_PATH)/demo_MixedColor";
			};
			name = Release;
		};
		6B46D1592E6E905B00560904 /* Debug */ = {
			isa = XCBuildConfiguration;
			buildSettings = {
				CODE_SIGN_STYLE = Automatic;
				CURRENT_PROJECT_VERSION = 1;
				GENERATE_INFOPLIST_FILE = YES;
				MARKETING_VERSION = 1.0;
				PRODUCT_BUNDLE_IDENTIFIER = "tonphai.demo-MixedColorUITests";
				PRODUCT_NAME = "$(TARGET_NAME)";
				SWIFT_EMIT_LOC_STRINGS = NO;
				SWIFT_VERSION = 5.0;
				TARGETED_DEVICE_FAMILY = "1,2";
				TEST_TARGET_NAME = demo_MixedColor;
			};
			name = Debug;
		};
		6B46D15A2E6E905B00560904 /* Release */ = {
			isa = XCBuildConfiguration;
			buildSettings = {
				CODE_SIGN_STYLE = Automatic;
				CURRENT_PROJECT_VERSION = 1;
				GENERATE_INFOPLIST_FILE = YES;
				MARKETING_VERSION = 1.0;
				PRODUCT_BUNDLE_IDENTIFIER = "tonphai.demo-MixedColorUITests";
				PRODUCT_NAME = "$(TARGET_NAME)";
				SWIFT_EMIT_LOC_STRINGS = NO;
				SWIFT_VERSION = 5.0;
				TARGETED_DEVICE_FAMILY = "1,2";
				TEST_TARGET_NAME = demo_MixedColor;
			};
			name = Release;
		};
/* End XCBuildConfiguration section */

/* Begin XCConfigurationList section */
		6B46D11F2E6E905900560904 /* Build configuration list for PBXProject "demo_MixedColor" */ = {
			isa = XCConfigurationList;
			buildConfigurations = (
				6B46D1532E6E905B00560904 /* Debug */,
				6B46D1542E6E905B00560904 /* Release */,
			);
			defaultConfigurationIsVisible = 0;
			defaultConfigurationName = Release;
		};
		6B46D1502E6E905B00560904 /* Build configuration list for PBXNativeTarget "demo_MixedColor" */ = {
			isa = XCConfigurationList;
			buildConfigurations = (
				6B46D1512E6E905B00560904 /* Debug */,
				6B46D1522E6E905B00560904 /* Release */,
			);
			defaultConfigurationIsVisible = 0;
			defaultConfigurationName = Release;
		};
		6B46D1552E6E905B00560904 /* Build configuration list for PBXNativeTarget "demo_MixedColorTests" */ = {
			isa = XCConfigurationList;
			buildConfigurations = (
				6B46D1562E6E905B00560904 /* Debug */,
				6B46D1572E6E905B00560904 /* Release */,
			);
			defaultConfigurationIsVisible = 0;
			defaultConfigurationName = Release;
		};
		6B46D1582E6E905B00560904 /* Build configuration list for PBXNativeTarget "demo_MixedColorUITests" */ = {
			isa = XCConfigurationList;
			buildConfigurations = (
				6B46D1592E6E905B00560904 /* Debug */,
				6B46D15A2E6E905B00560904 /* Release */,
			);
			defaultConfigurationIsVisible = 0;
			defaultConfigurationName = Release;
		};
/* End XCConfigurationList section */
	};
	rootObject = 6B46D11C2E6E905900560904 /* Project object */;
}
