// !$*UTF8*$!
{
	archiveVersion = 1;
	classes = {
	};
	objectVersion = 77;
	objects = {

/* Begin PBXBuildFile section */
		6BE6CEB72E81449900C3D897 /* WebKit.framework in Frameworks */ = {isa = PBXBuildFile; fileRef = 6BE6CEB62E81449900C3D897 /* WebKit.framework */; };
		6BF8288F2E812A5900A749C2 /* cities_all.plist in Resources */ = {isa = PBXBuildFile; fileRef = 6BF8288D2E812A5900A749C2 /* cities_all.plist */; };
		6BF828902E812A5900A749C2 /* country.plist in Resources */ = {isa = PBXBuildFile; fileRef = 6BF8288E2E812A5900A749C2 /* country.plist */; };
/* End PBXBuildFile section */

/* Begin PBXContainerItemProxy section */
		6BF828702E812A3A00A749C2 /* PBXContainerItemProxy */ = {
			isa = PBXContainerItemProxy;
			containerPortal = 6BF8284E2E812A3800A749C2 /* Project object */;
			proxyType = 1;
			remoteGlobalIDString = 6BF828552E812A3900A749C2;
			remoteInfo = countries;
		};
		6BF8287A2E812A3A00A749C2 /* PBXContainerItemProxy */ = {
			isa = PBXContainerItemProxy;
			containerPortal = 6BF8284E2E812A3800A749C2 /* Project object */;
			proxyType = 1;
			remoteGlobalIDString = 6BF828552E812A3900A749C2;
			remoteInfo = countries;
		};
/* End PBXContainerItemProxy section */

/* Begin PBXFileReference section */
		6BE6CEB62E81449900C3D897 /* WebKit.framework */ = {isa = PBXFileReference; lastKnownFileType = wrapper.framework; name = WebKit.framework; path = System/Library/Frameworks/WebKit.framework; sourceTree = SDKROOT; };
		6BF828562E812A3900A749C2 /* countries.app */ = {isa = PBXFileReference; explicitFileType = wrapper.application; includeInIndex = 0; path = countries.app; sourceTree = BUILT_PRODUCTS_DIR; };
		6BF8286F2E812A3A00A749C2 /* countriesTests.xctest */ = {isa = PBXFileReference; explicitFileType = wrapper.cfbundle; includeInIndex = 0; path = countriesTests.xctest; sourceTree = BUILT_PRODUCTS_DIR; };
		6BF828792E812A3A00A749C2 /* countriesUITests.xctest */ = {isa = PBXFileReference; explicitFileType = wrapper.cfbundle; includeInIndex = 0; path = countriesUITests.xctest; sourceTree = BUILT_PRODUCTS_DIR; };
		6BF8288D2E812A5900A749C2 /* cities_all.plist */ = {isa = PBXFileReference; lastKnownFileType = text.plist.xml; path = cities_all.plist; sourceTree = "<group>"; };
		6BF8288E2E812A5900A749C2 /* country.plist */ = {isa = PBXFileReference; lastKnownFileType = text.plist.xml; path = country.plist; sourceTree = "<group>"; };
/* End PBXFileReference section */

/* Begin PBXFileSystemSynchronizedBuildFileExceptionSet section */
		6BF828812E812A3A00A749C2 /* Exceptions for "countries" folder in "countries" target */ = {
			isa = PBXFileSystemSynchronizedBuildFileExceptionSet;
			membershipExceptions = (
				Info.plist,
			);
			target = 6BF828552E812A3900A749C2 /* countries */;
		};
/* End PBXFileSystemSynchronizedBuildFileExceptionSet section */

/* Begin PBXFileSystemSynchronizedRootGroup section */
		6BF828582E812A3900A749C2 /* countries */ = {
			isa = PBXFileSystemSynchronizedRootGroup;
			exceptions = (
				6BF828812E812A3A00A749C2 /* Exceptions for "countries" folder in "countries" target */,
			);
			path = countries;
			sourceTree = "<group>";
		};
		6BF828722E812A3A00A749C2 /* countriesTests */ = {
			isa = PBXFileSystemSynchronizedRootGroup;
			path = countriesTests;
			sourceTree = "<group>";
		};
		6BF8287C2E812A3A00A749C2 /* countriesUITests */ = {
			isa = PBXFileSystemSynchronizedRootGroup;
			path = countriesUITests;
			sourceTree = "<group>";
		};
/* End PBXFileSystemSynchronizedRootGroup section */

/* Begin PBXFrameworksBuildPhase section */
		6BF828532E812A3900A749C2 /* Frameworks */ = {
			isa = PBXFrameworksBuildPhase;
			buildActionMask = 2147483647;
			files = (
				6BE6CEB72E81449900C3D897 /* WebKit.framework in Frameworks */,
			);
			runOnlyForDeploymentPostprocessing = 0;
		};
		6BF8286C2E812A3A00A749C2 /* Frameworks */ = {
			isa = PBXFrameworksBuildPhase;
			buildActionMask = 2147483647;
			files = (
			);
			runOnlyForDeploymentPostprocessing = 0;
		};
		6BF828762E812A3A00A749C2 /* Frameworks */ = {
			isa = PBXFrameworksBuildPhase;
			buildActionMask = 2147483647;
			files = (
			);
			runOnlyForDeploymentPostprocessing = 0;
		};
/* End PBXFrameworksBuildPhase section */

/* Begin PBXGroup section */
		6BE6CEB52E81449900C3D897 /* Frameworks */ = {
			isa = PBXGroup;
			children = (
				6BE6CEB62E81449900C3D897 /* WebKit.framework */,
			);
			name = Frameworks;
			sourceTree = "<group>";
		};
		6BF8284D2E812A3800A749C2 = {
			isa = PBXGroup;
			children = (
				6BF8288D2E812A5900A749C2 /* cities_all.plist */,
				6BF8288E2E812A5900A749C2 /* country.plist */,
				6BF828582E812A3900A749C2 /* countries */,
				6BF828722E812A3A00A749C2 /* countriesTests */,
				6BF8287C2E812A3A00A749C2 /* countriesUITests */,
				6BE6CEB52E81449900C3D897 /* Frameworks */,
				6BF828572E812A3900A749C2 /* Products */,
			);
			sourceTree = "<group>";
		};
		6BF828572E812A3900A749C2 /* Products */ = {
			isa = PBXGroup;
			children = (
				6BF828562E812A3900A749C2 /* countries.app */,
				6BF8286F2E812A3A00A749C2 /* countriesTests.xctest */,
				6BF828792E812A3A00A749C2 /* countriesUITests.xctest */,
			);
			name = Products;
			sourceTree = "<group>";
		};
/* End PBXGroup section */

/* Begin PBXNativeTarget section */
		6BF828552E812A3900A749C2 /* countries */ = {
			isa = PBXNativeTarget;
			buildConfigurationList = 6BF828822E812A3A00A749C2 /* Build configuration list for PBXNativeTarget "countries" */;
			buildPhases = (
				6BF828522E812A3900A749C2 /* Sources */,
				6BF828532E812A3900A749C2 /* Frameworks */,
				6BF828542E812A3900A749C2 /* Resources */,
			);
			buildRules = (
			);
			dependencies = (
			);
			fileSystemSynchronizedGroups = (
				6BF828582E812A3900A749C2 /* countries */,
			);
			name = countries;
			packageProductDependencies = (
			);
			productName = countries;
			productReference = 6BF828562E812A3900A749C2 /* countries.app */;
			productType = "com.apple.product-type.application";
		};
		6BF8286E2E812A3A00A749C2 /* countriesTests */ = {
			isa = PBXNativeTarget;
			buildConfigurationList = 6BF828872E812A3A00A749C2 /* Build configuration list for PBXNativeTarget "countriesTests" */;
			buildPhases = (
				6BF8286B2E812A3A00A749C2 /* Sources */,
				6BF8286C2E812A3A00A749C2 /* Frameworks */,
				6BF8286D2E812A3A00A749C2 /* Resources */,
			);
			buildRules = (
			);
			dependencies = (
				6BF828712E812A3A00A749C2 /* PBXTargetDependency */,
			);
			fileSystemSynchronizedGroups = (
				6BF828722E812A3A00A749C2 /* countriesTests */,
			);
			name = countriesTests;
			packageProductDependencies = (
			);
			productName = countriesTests;
			productReference = 6BF8286F2E812A3A00A749C2 /* countriesTests.xctest */;
			productType = "com.apple.product-type.bundle.unit-test";
		};
		6BF828782E812A3A00A749C2 /* countriesUITests */ = {
			isa = PBXNativeTarget;
			buildConfigurationList = 6BF8288A2E812A3A00A749C2 /* Build configuration list for PBXNativeTarget "countriesUITests" */;
			buildPhases = (
				6BF828752E812A3A00A749C2 /* Sources */,
				6BF828762E812A3A00A749C2 /* Frameworks */,
				6BF828772E812A3A00A749C2 /* Resources */,
			);
			buildRules = (
			);
			dependencies = (
				6BF8287B2E812A3A00A749C2 /* PBXTargetDependency */,
			);
			fileSystemSynchronizedGroups = (
				6BF8287C2E812A3A00A749C2 /* countriesUITests */,
			);
			name = countriesUITests;
			packageProductDependencies = (
			);
			productName = countriesUITests;
			productReference = 6BF828792E812A3A00A749C2 /* countriesUITests.xctest */;
			productType = "com.apple.product-type.bundle.ui-testing";
		};
/* End PBXNativeTarget section */

/* Begin PBXProject section */
		6BF8284E2E812A3800A749C2 /* Project object */ = {
			isa = PBXProject;
			attributes = {
				BuildIndependentTargetsInParallel = 1;
				LastSwiftUpdateCheck = 1640;
				LastUpgradeCheck = 1640;
				TargetAttributes = {
					6BF828552E812A3900A749C2 = {
						CreatedOnToolsVersion = 16.4;
					};
					6BF8286E2E812A3A00A749C2 = {
						CreatedOnToolsVersion = 16.4;
						TestTargetID = 6BF828552E812A3900A749C2;
					};
					6BF828782E812A3A00A749C2 = {
						CreatedOnToolsVersion = 16.4;
						TestTargetID = 6BF828552E812A3900A749C2;
					};
				};
			};
			buildConfigurationList = 6BF828512E812A3900A749C2 /* Build configuration list for PBXProject "countries" */;
			developmentRegion = en;
			hasScannedForEncodings = 0;
			knownRegions = (
				en,
				Base,
			);
			mainGroup = 6BF8284D2E812A3800A749C2;
			minimizedProjectReferenceProxies = 1;
			preferredProjectObjectVersion = 77;
			productRefGroup = 6BF828572E812A3900A749C2 /* Products */;
			projectDirPath = "";
			projectRoot = "";
			targets = (
				6BF828552E812A3900A749C2 /* countries */,
				6BF8286E2E812A3A00A749C2 /* countriesTests */,
				6BF828782E812A3A00A749C2 /* countriesUITests */,
			);
		};
/* End PBXProject section */

/* Begin PBXResourcesBuildPhase section */
		6BF828542E812A3900A749C2 /* Resources */ = {
			isa = PBXResourcesBuildPhase;
			buildActionMask = 2147483647;
			files = (
				6BF8288F2E812A5900A749C2 /* cities_all.plist in Resources */,
				6BF828902E812A5900A749C2 /* country.plist in Resources */,
			);
			runOnlyForDeploymentPostprocessing = 0;
		};
		6BF8286D2E812A3A00A749C2 /* Resources */ = {
			isa = PBXResourcesBuildPhase;
			buildActionMask = 2147483647;
			files = (
			);
			runOnlyForDeploymentPostprocessing = 0;
		};
		6BF828772E812A3A00A749C2 /* Resources */ = {
			isa = PBXResourcesBuildPhase;
			buildActionMask = 2147483647;
			files = (
			);
			runOnlyForDeploymentPostprocessing = 0;
		};
/* End PBXResourcesBuildPhase section */

/* Begin PBXSourcesBuildPhase section */
		6BF828522E812A3900A749C2 /* Sources */ = {
			isa = PBXSourcesBuildPhase;
			buildActionMask = 2147483647;
			files = (
			);
			runOnlyForDeploymentPostprocessing = 0;
		};
		6BF8286B2E812A3A00A749C2 /* Sources */ = {
			isa = PBXSourcesBuildPhase;
			buildActionMask = 2147483647;
			files = (
			);
			runOnlyForDeploymentPostprocessing = 0;
		};
		6BF828752E812A3A00A749C2 /* Sources */ = {
			isa = PBXSourcesBuildPhase;
			buildActionMask = 2147483647;
			files = (
			);
			runOnlyForDeploymentPostprocessing = 0;
		};
/* End PBXSourcesBuildPhase section */

/* Begin PBXTargetDependency section */
		6BF828712E812A3A00A749C2 /* PBXTargetDependency */ = {
			isa = PBXTargetDependency;
			target = 6BF828552E812A3900A749C2 /* countries */;
			targetProxy = 6BF828702E812A3A00A749C2 /* PBXContainerItemProxy */;
		};
		6BF8287B2E812A3A00A749C2 /* PBXTargetDependency */ = {
			isa = PBXTargetDependency;
			target = 6BF828552E812A3900A749C2 /* countries */;
			targetProxy = 6BF8287A2E812A3A00A749C2 /* PBXContainerItemProxy */;
		};
/* End PBXTargetDependency section */

/* Begin XCBuildConfiguration section */
		6BF828832E812A3A00A749C2 /* Debug */ = {
			isa = XCBuildConfiguration;
			buildSettings = {
				ASSETCATALOG_COMPILER_APPICON_NAME = AppIcon;
				ASSETCATALOG_COMPILER_GLOBAL_ACCENT_COLOR_NAME = AccentColor;
				CODE_SIGN_STYLE = Automatic;
				CURRENT_PROJECT_VERSION = 1;
				GENERATE_INFOPLIST_FILE = YES;
				INFOPLIST_FILE = countries/Info.plist;
				INFOPLIST_KEY_UIApplicationSupportsIndirectInputEvents = YES;
				INFOPLIST_KEY_UILaunchStoryboardName = LaunchScreen;
				INFOPLIST_KEY_UIMainStoryboardFile = Main;
				INFOPLIST_KEY_UISupportedInterfaceOrientations_iPad = "UIInterfaceOrientationPortrait UIInterfaceOrientationPortraitUpsideDown UIInterfaceOrientationLandscapeLeft UIInterfaceOrientationLandscapeRight";
				INFOPLIST_KEY_UISupportedInterfaceOrientations_iPhone = "UIInterfaceOrientationPortrait UIInterfaceOrientationLandscapeLeft UIInterfaceOrientationLandscapeRight";
				LD_RUNPATH_SEARCH_PATHS = (
					"$(inherited)",
					"@executable_path/Frameworks",
				);
				MARKETING_VERSION = 1.0;
				PRODUCT_BUNDLE_IDENTIFIER = tonphai.countries;
				PRODUCT_NAME = "$(TARGET_NAME)";
				SWIFT_EMIT_LOC_STRINGS = YES;
				SWIFT_VERSION = 5.0;
				TARGETED_DEVICE_FAMILY = "1,2";
			};
			name = Debug;
		};
		6BF828842E812A3A00A749C2 /* Release */ = {
			isa = XCBuildConfiguration;
			buildSettings = {
				ASSETCATALOG_COMPILER_APPICON_NAME = AppIcon;
				ASSETCATALOG_COMPILER_GLOBAL_ACCENT_COLOR_NAME = AccentColor;
				CODE_SIGN_STYLE = Automatic;
				CURRENT_PROJECT_VERSION = 1;
				GENERATE_INFOPLIST_FILE = YES;
				INFOPLIST_FILE = countries/Info.plist;
				INFOPLIST_KEY_UIApplicationSupportsIndirectInputEvents = YES;
				INFOPLIST_KEY_UILaunchStoryboardName = LaunchScreen;
				INFOPLIST_KEY_UIMainStoryboardFile = Main;
				INFOPLIST_KEY_UISupportedInterfaceOrientations_iPad = "UIInterfaceOrientationPortrait UIInterfaceOrientationPortraitUpsideDown UIInterfaceOrientationLandscapeLeft UIInterfaceOrientationLandscapeRight";
				INFOPLIST_KEY_UISupportedInterfaceOrientations_iPhone = "UIInterfaceOrientationPortrait UIInterfaceOrientationLandscapeLeft UIInterfaceOrientationLandscapeRight";
				LD_RUNPATH_SEARCH_PATHS = (
					"$(inherited)",
					"@executable_path/Frameworks",
				);
				MARKETING_VERSION = 1.0;
				PRODUCT_BUNDLE_IDENTIFIER = tonphai.countries;
				PRODUCT_NAME = "$(TARGET_NAME)";
				SWIFT_EMIT_LOC_STRINGS = YES;
				SWIFT_VERSION = 5.0;
				TARGETED_DEVICE_FAMILY = "1,2";
			};
			name = Release;
		};
		6BF828852E812A3A00A749C2 /* Debug */ = {
			isa = XCBuildConfiguration;
			buildSettings = {
				ALWAYS_SEARCH_USER_PATHS = NO;
				ASSETCATALOG_COMPILER_GENERATE_SWIFT_ASSET_SYMBOL_EXTENSIONS = YES;
				CLANG_ANALYZER_NONNULL = YES;
				CLANG_ANALYZER_NUMBER_OBJECT_CONVERSION = YES_AGGRESSIVE;
				CLANG_CXX_LANGUAGE_STANDARD = "gnu++20";
				CLANG_ENABLE_MODULES = YES;
				CLANG_ENABLE_OBJC_ARC = YES;
				CLANG_ENABLE_OBJC_WEAK = YES;
				CLANG_WARN_BLOCK_CAPTURE_AUTORELEASING = YES;
				CLANG_WARN_BOOL_CONVERSION = YES;
				CLANG_WARN_COMMA = YES;
				CLANG_WARN_CONSTANT_CONVERSION = YES;
				CLANG_WARN_DEPRECATED_OBJC_IMPLEMENTATIONS = YES;
				CLANG_WARN_DIRECT_OBJC_ISA_USAGE = YES_ERROR;
				CLANG_WARN_DOCUMENTATION_COMMENTS = YES;
				CLANG_WARN_EMPTY_BODY = YES;
				CLANG_WARN_ENUM_CONVERSION = YES;
				CLANG_WARN_INFINITE_RECURSION = YES;
				CLANG_WARN_INT_CONVERSION = YES;
				CLANG_WARN_NON_LITERAL_NULL_CONVERSION = YES;
				CLANG_WARN_OBJC_IMPLICIT_RETAIN_SELF = YES;
				CLANG_WARN_OBJC_LITERAL_CONVERSION = YES;
				CLANG_WARN_OBJC_ROOT_CLASS = YES_ERROR;
				CLANG_WARN_QUOTED_INCLUDE_IN_FRAMEWORK_HEADER = YES;
				CLANG_WARN_RANGE_LOOP_ANALYSIS = YES;
				CLANG_WARN_STRICT_PROTOTYPES = YES;
				CLANG_WARN_SUSPICIOUS_MOVE = YES;
				CLANG_WARN_UNGUARDED_AVAILABILITY = YES_AGGRESSIVE;
				CLANG_WARN_UNREACHABLE_CODE = YES;
				CLANG_WARN__DUPLICATE_METHOD_MATCH = YES;
				COPY_PHASE_STRIP = NO;
				DEBUG_INFORMATION_FORMAT = dwarf;
				ENABLE_STRICT_OBJC_MSGSEND = YES;
				ENABLE_TESTABILITY = YES;
				ENABLE_USER_SCRIPT_SANDBOXING = YES;
				GCC_C_LANGUAGE_STANDARD = gnu17;
				GCC_DYNAMIC_NO_PIC = NO;
				GCC_NO_COMMON_BLOCKS = YES;
				GCC_OPTIMIZATION_LEVEL = 0;
				GCC_PREPROCESSOR_DEFINITIONS = (
					"DEBUG=1",
					"$(inherited)",
				);
				GCC_WARN_64_TO_32_BIT_CONVERSION = YES;
				GCC_WARN_ABOUT_RETURN_TYPE = YES_ERROR;
				GCC_WARN_UNDECLARED_SELECTOR = YES;
				GCC_WARN_UNINITIALIZED_AUTOS = YES_AGGRESSIVE;
				GCC_WARN_UNUSED_FUNCTION = YES;
				GCC_WARN_UNUSED_VARIABLE = YES;
				IPHONEOS_DEPLOYMENT_TARGET = 18.5;
				LOCALIZATION_PREFERS_STRING_CATALOGS = YES;
				MTL_ENABLE_DEBUG_INFO = INCLUDE_SOURCE;
				MTL_FAST_MATH = YES;
				ONLY_ACTIVE_ARCH = YES;
				SDKROOT = iphoneos;
				SWIFT_ACTIVE_COMPILATION_CONDITIONS = "DEBUG $(inherited)";
				SWIFT_OPTIMIZATION_LEVEL = "-Onone";
			};
			name = Debug;
		};
		6BF828862E812A3A00A749C2 /* Release */ = {
			isa = XCBuildConfiguration;
			buildSettings = {
				ALWAYS_SEARCH_USER_PATHS = NO;
				ASSETCATALOG_COMPILER_GENERATE_SWIFT_ASSET_SYMBOL_EXTENSIONS = YES;
				CLANG_ANALYZER_NONNULL = YES;
				CLANG_ANALYZER_NUMBER_OBJECT_CONVERSION = YES_AGGRESSIVE;
				CLANG_CXX_LANGUAGE_STANDARD = "gnu++20";
				CLANG_ENABLE_MODULES = YES;
				CLANG_ENABLE_OBJC_ARC = YES;
				CLANG_ENABLE_OBJC_WEAK = YES;
				CLANG_WARN_BLOCK_CAPTURE_AUTORELEASING = YES;
				CLANG_WARN_BOOL_CONVERSION = YES;
				CLANG_WARN_COMMA = YES;
				CLANG_WARN_CONSTANT_CONVERSION = YES;
				CLANG_WARN_DEPRECATED_OBJC_IMPLEMENTATIONS = YES;
				CLANG_WARN_DIRECT_OBJC_ISA_USAGE = YES_ERROR;
				CLANG_WARN_DOCUMENTATION_COMMENTS = YES;
				CLANG_WARN_EMPTY_BODY = YES;
				CLANG_WARN_ENUM_CONVERSION = YES;
				CLANG_WARN_INFINITE_RECURSION = YES;
				CLANG_WARN_INT_CONVERSION = YES;
				CLANG_WARN_NON_LITERAL_NULL_CONVERSION = YES;
				CLANG_WARN_OBJC_IMPLICIT_RETAIN_SELF = YES;
				CLANG_WARN_OBJC_LITERAL_CONVERSION = YES;
				CLANG_WARN_OBJC_ROOT_CLASS = YES_ERROR;
				CLANG_WARN_QUOTED_INCLUDE_IN_FRAMEWORK_HEADER = YES;
				CLANG_WARN_RANGE_LOOP_ANALYSIS = YES;
				CLANG_WARN_STRICT_PROTOTYPES = YES;
				CLANG_WARN_SUSPICIOUS_MOVE = YES;
				CLANG_WARN_UNGUARDED_AVAILABILITY = YES_AGGRESSIVE;
				CLANG_WARN_UNREACHABLE_CODE = YES;
				CLANG_WARN__DUPLICATE_METHOD_MATCH = YES;
				COPY_PHASE_STRIP = NO;
				DEBUG_INFORMATION_FORMAT = "dwarf-with-dsym";
				ENABLE_NS_ASSERTIONS = NO;
				ENABLE_STRICT_OBJC_MSGSEND = YES;
				ENABLE_USER_SCRIPT_SANDBOXING = YES;
				GCC_C_LANGUAGE_STANDARD = gnu17;
				GCC_NO_COMMON_BLOCKS = YES;
				GCC_WARN_64_TO_32_BIT_CONVERSION = YES;
				GCC_WARN_ABOUT_RETURN_TYPE = YES_ERROR;
				GCC_WARN_UNDECLARED_SELECTOR = YES;
				GCC_WARN_UNINITIALIZED_AUTOS = YES_AGGRESSIVE;
				GCC_WARN_UNUSED_FUNCTION = YES;
				GCC_WARN_UNUSED_VARIABLE = YES;
				IPHONEOS_DEPLOYMENT_TARGET = 18.5;
				LOCALIZATION_PREFERS_STRING_CATALOGS = YES;
				MTL_ENABLE_DEBUG_INFO = NO;
				MTL_FAST_MATH = YES;
				SDKROOT = iphoneos;
				SWIFT_COMPILATION_MODE = wholemodule;
				VALIDATE_PRODUCT = YES;
			};
			name = Release;
		};
		6BF828882E812A3A00A749C2 /* Debug */ = {
			isa = XCBuildConfiguration;
			buildSettings = {
				BUNDLE_LOADER = "$(TEST_HOST)";
				CODE_SIGN_STYLE = Automatic;
				CURRENT_PROJECT_VERSION = 1;
				GENERATE_INFOPLIST_FILE = YES;
				IPHONEOS_DEPLOYMENT_TARGET = 18.5;
				MARKETING_VERSION = 1.0;
				PRODUCT_BUNDLE_IDENTIFIER = tonphai.countriesTests;
				PRODUCT_NAME = "$(TARGET_NAME)";
				SWIFT_EMIT_LOC_STRINGS = NO;
				SWIFT_VERSION = 5.0;
				TARGETED_DEVICE_FAMILY = "1,2";
				TEST_HOST = "$(BUILT_PRODUCTS_DIR)/countries.app/$(BUNDLE_EXECUTABLE_FOLDER_PATH)/countries";
			};
			name = Debug;
		};
		6BF828892E812A3A00A749C2 /* Release */ = {
			isa = XCBuildConfiguration;
			buildSettings = {
				BUNDLE_LOADER = "$(TEST_HOST)";
				CODE_SIGN_STYLE = Automatic;
				CURRENT_PROJECT_VERSION = 1;
				GENERATE_INFOPLIST_FILE = YES;
				IPHONEOS_DEPLOYMENT_TARGET = 18.5;
				MARKETING_VERSION = 1.0;
				PRODUCT_BUNDLE_IDENTIFIER = tonphai.countriesTests;
				PRODUCT_NAME = "$(TARGET_NAME)";
				SWIFT_EMIT_LOC_STRINGS = NO;
				SWIFT_VERSION = 5.0;
				TARGETED_DEVICE_FAMILY = "1,2";
				TEST_HOST = "$(BUILT_PRODUCTS_DIR)/countries.app/$(BUNDLE_EXECUTABLE_FOLDER_PATH)/countries";
			};
			name = Release;
		};
		6BF8288B2E812A3A00A749C2 /* Debug */ = {
			isa = XCBuildConfiguration;
			buildSettings = {
				CODE_SIGN_STYLE = Automatic;
				CURRENT_PROJECT_VERSION = 1;
				GENERATE_INFOPLIST_FILE = YES;
				MARKETING_VERSION = 1.0;
				PRODUCT_BUNDLE_IDENTIFIER = tonphai.countriesUITests;
				PRODUCT_NAME = "$(TARGET_NAME)";
				SWIFT_EMIT_LOC_STRINGS = NO;
				SWIFT_VERSION = 5.0;
				TARGETED_DEVICE_FAMILY = "1,2";
				TEST_TARGET_NAME = countries;
			};
			name = Debug;
		};
		6BF8288C2E812A3A00A749C2 /* Release */ = {
			isa = XCBuildConfiguration;
			buildSettings = {
				CODE_SIGN_STYLE = Automatic;
				CURRENT_PROJECT_VERSION = 1;
				GENERATE_INFOPLIST_FILE = YES;
				MARKETING_VERSION = 1.0;
				PRODUCT_BUNDLE_IDENTIFIER = tonphai.countriesUITests;
				PRODUCT_NAME = "$(TARGET_NAME)";
				SWIFT_EMIT_LOC_STRINGS = NO;
				SWIFT_VERSION = 5.0;
				TARGETED_DEVICE_FAMILY = "1,2";
				TEST_TARGET_NAME = countries;
			};
			name = Release;
		};
/* End XCBuildConfiguration section */

/* Begin XCConfigurationList section */
		6BF828512E812A3900A749C2 /* Build configuration list for PBXProject "countries" */ = {
			isa = XCConfigurationList;
			buildConfigurations = (
				6BF828852E812A3A00A749C2 /* Debug */,
				6BF828862E812A3A00A749C2 /* Release */,
			);
			defaultConfigurationIsVisible = 0;
			defaultConfigurationName = Release;
		};
		6BF828822E812A3A00A749C2 /* Build configuration list for PBXNativeTarget "countries" */ = {
			isa = XCConfigurationList;
			buildConfigurations = (
				6BF828832E812A3A00A749C2 /* Debug */,
				6BF828842E812A3A00A749C2 /* Release */,
			);
			defaultConfigurationIsVisible = 0;
			defaultConfigurationName = Release;
		};
		6BF828872E812A3A00A749C2 /* Build configuration list for PBXNativeTarget "countriesTests" */ = {
			isa = XCConfigurationList;
			buildConfigurations = (
				6BF828882E812A3A00A749C2 /* Debug */,
				6BF828892E812A3A00A749C2 /* Release */,
			);
			defaultConfigurationIsVisible = 0;
			defaultConfigurationName = Release;
		};
		6BF8288A2E812A3A00A749C2 /* Build configuration list for PBXNativeTarget "countriesUITests" */ = {
			isa = XCConfigurationList;
			buildConfigurations = (
				6BF8288B2E812A3A00A749C2 /* Debug */,
				6BF8288C2E812A3A00A749C2 /* Release */,
			);
			defaultConfigurationIsVisible = 0;
			defaultConfigurationName = Release;
		};
/* End XCConfigurationList section */
	};
	rootObject = 6BF8284E2E812A3800A749C2 /* Project object */;
}
